
Microsoft Visual Studio Solution File, Format Version 12.00
# Visual Studio Version 17
VisualStudioVersion = 17.0.31903.59
MinimumVisualStudioVersion = 10.0.40219.1
Project("{FAE04EC0-301F-11D3-BF4B-00C04F79EFBC}") = "Example.HealthCheck", "src\Example.HealthCheck\Example.HealthCheck.csproj", "{72C52DAD-5A79-44F1-85D9-C2A8C44D8EAD}"
EndProject
Project("{2150E333-8FDC-42A3-9474-1A3956D46DE8}") = "k8s", "k8s", "{0DE3A245-2A72-4BAF-81BB-A60F64466CF4}"
	ProjectSection(SolutionItems) = preProject
		deployment.yml = deployment.yml
		pod.yml = pod.yml
		service.yml = service.yml
	EndProjectSection
EndProject
Global
	GlobalSection(SolutionConfigurationPlatforms) = preSolution
		Debug|Any CPU = Debug|Any CPU
		Release|Any CPU = Release|Any CPU
	EndGlobalSection
	GlobalSection(ProjectConfigurationPlatforms) = postSolution
		{72C52DAD-5A79-44F1-85D9-C2A8C44D8EAD}.Debug|Any CPU.ActiveCfg = Debug|Any CPU
		{72C52DAD-5A79-44F1-85D9-C2A8C44D8EAD}.Debug|Any CPU.Build.0 = Debug|Any CPU
		{72C52DAD-5A79-44F1-85D9-C2A8C44D8EAD}.Release|Any CPU.ActiveCfg = Release|Any CPU
		{72C52DAD-5A79-44F1-85D9-C2A8C44D8EAD}.Release|Any CPU.Build.0 = Release|Any CPU
	EndGlobalSection
	GlobalSection(SolutionProperties) = preSolution
		HideSolutionNode = FALSE
	EndGlobalSection
	GlobalSection(ExtensibilityGlobals) = postSolution
		SolutionGuid = {96957175-9976-4F9A-852F-978244663D4A}
	EndGlobalSection
EndGlobal
